
Microsoft Visual Studio Solution File, Format Version 10.00
# Visual Studio 2008
Project("{FAE04EC0-301F-11D3-BF4B-00C04F79EFBC}") = "Mvc", "Mvc\Mvc.csproj", "{86A3BD36-9182-4632-A889-A92FBD440527}"
EndProject
Project("{FAE04EC0-301F-11D3-BF4B-00C04F79EFBC}") = "Web", "Web\Web.csproj", "{ED7B13FE-1725-4671-BCE4-0736E527CF66}"
EndProject
Project("{FAE04EC0-301F-11D3-BF4B-00C04F79EFBC}") = "Core", "Core\Core.csproj", "{BF8B697E-F18D-44CF-87E2-FD73224E1784}"
EndProject
Global
	GlobalSection(SolutionConfigurationPlatforms) = preSolution
		Debug|Any CPU = Debug|Any CPU
		Release|Any CPU = Release|Any CPU
	EndGlobalSection
	GlobalSection(ProjectConfigurationPlatforms) = postSolution
		{86A3BD36-9182-4632-A889-A92FBD440527}.Debug|Any CPU.ActiveCfg = Debug|Any CPU
		{86A3BD36-9182-4632-A889-A92FBD440527}.Debug|Any CPU.Build.0 = Debug|Any CPU
		{86A3BD36-9182-4632-A889-A92FBD440527}.Release|Any CPU.ActiveCfg = Release|Any CPU
		{86A3BD36-9182-4632-A889-A92FBD440527}.Release|Any CPU.Build.0 = Release|Any CPU
		{ED7B13FE-1725-4671-BCE4-0736E527CF66}.Debug|Any CPU.ActiveCfg = Debug|Any CPU
		{ED7B13FE-1725-4671-BCE4-0736E527CF66}.Debug|Any CPU.Build.0 = Debug|Any CPU
		{ED7B13FE-1725-4671-BCE4-0736E527CF66}.Release|Any CPU.ActiveCfg = Release|Any CPU
		{ED7B13FE-1725-4671-BCE4-0736E527CF66}.Release|Any CPU.Build.0 = Release|Any CPU
		{BF8B697E-F18D-44CF-87E2-FD73224E1784}.Debug|Any CPU.ActiveCfg = Debug|Any CPU
		{BF8B697E-F18D-44CF-87E2-FD73224E1784}.Debug|Any CPU.Build.0 = Debug|Any CPU
		{BF8B697E-F18D-44CF-87E2-FD73224E1784}.Release|Any CPU.ActiveCfg = Release|Any CPU
		{BF8B697E-F18D-44CF-87E2-FD73224E1784}.Release|Any CPU.Build.0 = Release|Any CPU
	EndGlobalSection
	GlobalSection(SolutionProperties) = preSolution
		HideSolutionNode = FALSE
	EndGlobalSection
EndGlobal
